// !$*UTF8*$!
{
	archiveVersion = 1;
	classes = {
	};
	objectVersion = 56;
	objects = {

/* Begin PBXBuildFile section */
		F123D8EC2AADEAF7005A648E /* InfoView.swift in Sources */ = {isa = PBXBuildFile; fileRef = F123D8EB2AADEAF7005A648E /* InfoView.swift */; };
		F12F9F252AB5EA9F00E0E8E3 /* PlaySound.swift in Sources */ = {isa = PBXBuildFile; fileRef = F12F9F242AB5EA9F00E0E8E3 /* PlaySound.swift */; };
		F144CBF22AA224DB0033BDC8 /* ReelView.swift in Sources */ = {isa = PBXBuildFile; fileRef = F144CBF12AA224DB0033BDC8 /* ReelView.swift */; };
		F1E5D8D02A9AFD4000E211B3 /* SlotMachineApp.swift in Sources */ = {isa = PBXBuildFile; fileRef = F1E5D8CF2A9AFD4000E211B3 /* SlotMachineApp.swift */; };
		F1E5D8D22A9AFD4000E211B3 /* ContentView.swift in Sources */ = {isa = PBXBuildFile; fileRef = F1E5D8D12A9AFD4000E211B3 /* ContentView.swift */; };
		F1E5D8D42A9AFD4100E211B3 /* Assets.xcassets in Resources */ = {isa = PBXBuildFile; fileRef = F1E5D8D32A9AFD4100E211B3 /* Assets.xcassets */; };
		F1E5D8D82A9AFD4100E211B3 /* Preview Assets.xcassets in Resources */ = {isa = PBXBuildFile; fileRef = F1E5D8D72A9AFD4100E211B3 /* Preview Assets.xcassets */; };
		F1E5D8E62A9AFE1700E211B3 /* riseup.mp3 in Resources */ = {isa = PBXBuildFile; fileRef = F1E5D8DE2A9AFE1700E211B3 /* riseup.mp3 */; };
		F1E5D8E72A9AFE1700E211B3 /* chimeup.mp3 in Resources */ = {isa = PBXBuildFile; fileRef = F1E5D8DF2A9AFE1700E211B3 /* chimeup.mp3 */; };
		F1E5D8E82A9AFE1700E211B3 /* spin.mp3 in Resources */ = {isa = PBXBuildFile; fileRef = F1E5D8E02A9AFE1700E211B3 /* spin.mp3 */; };
		F1E5D8E92A9AFE1700E211B3 /* casino-chips.mp3 in Resources */ = {isa = PBXBuildFile; fileRef = F1E5D8E12A9AFE1700E211B3 /* casino-chips.mp3 */; };
		F1E5D8EA2A9AFE1700E211B3 /* win.mp3 in Resources */ = {isa = PBXBuildFile; fileRef = F1E5D8E22A9AFE1700E211B3 /* win.mp3 */; };
		F1E5D8EB2A9AFE1700E211B3 /* game-over.mp3 in Resources */ = {isa = PBXBuildFile; fileRef = F1E5D8E32A9AFE1700E211B3 /* game-over.mp3 */; };
		F1E5D8EC2A9AFE1700E211B3 /* background-music.mp3 in Resources */ = {isa = PBXBuildFile; fileRef = F1E5D8E42A9AFE1700E211B3 /* background-music.mp3 */; };
		F1E5D8ED2A9AFE1700E211B3 /* high-score.mp3 in Resources */ = {isa = PBXBuildFile; fileRef = F1E5D8E52A9AFE1700E211B3 /* high-score.mp3 */; };
		F1E5D8F22A9AFE4B00E211B3 /* Launch Screen.storyboard in Resources */ = {isa = PBXBuildFile; fileRef = F1E5D8F12A9AFE4B00E211B3 /* Launch Screen.storyboard */; };
		F1E5D8F42A9B015D00E211B3 /* LogoView.swift in Sources */ = {isa = PBXBuildFile; fileRef = F1E5D8F32A9B015D00E211B3 /* LogoView.swift */; };
		F1E5D8F62A9B018800E211B3 /* Modifiers.swift in Sources */ = {isa = PBXBuildFile; fileRef = F1E5D8F52A9B018800E211B3 /* Modifiers.swift */; };
		F1E5D8F82A9B03C500E211B3 /* Extensions.swift in Sources */ = {isa = PBXBuildFile; fileRef = F1E5D8F72A9B03C500E211B3 /* Extensions.swift */; };
/* End PBXBuildFile section */

/* Begin PBXFileReference section */
		F123D8EB2AADEAF7005A648E /* InfoView.swift */ = {isa = PBXFileReference; lastKnownFileType = sourcecode.swift; path = InfoView.swift; sourceTree = "<group>"; };
		F12F155D2AB6C9670036F592 /* Info.plist */ = {isa = PBXFileReference; lastKnownFileType = text.plist; path = Info.plist; sourceTree = "<group>"; };
		F12F9F242AB5EA9F00E0E8E3 /* PlaySound.swift */ = {isa = PBXFileReference; lastKnownFileType = sourcecode.swift; path = PlaySound.swift; sourceTree = "<group>"; };
		F144CBF12AA224DB0033BDC8 /* ReelView.swift */ = {isa = PBXFileReference; lastKnownFileType = sourcecode.swift; path = ReelView.swift; sourceTree = "<group>"; };
		F1E5D8CC2A9AFD4000E211B3 /* SlotMachine.app */ = {isa = PBXFileReference; explicitFileType = wrapper.application; includeInIndex = 0; path = SlotMachine.app; sourceTree = BUILT_PRODUCTS_DIR; };
		F1E5D8CF2A9AFD4000E211B3 /* SlotMachineApp.swift */ = {isa = PBXFileReference; lastKnownFileType = sourcecode.swift; path = SlotMachineApp.swift; sourceTree = "<group>"; };
		F1E5D8D12A9AFD4000E211B3 /* ContentView.swift */ = {isa = PBXFileReference; lastKnownFileType = sourcecode.swift; path = ContentView.swift; sourceTree = "<group>"; };
		F1E5D8D32A9AFD4100E211B3 /* Assets.xcassets */ = {isa = PBXFileReference; lastKnownFileType = folder.assetcatalog; path = Assets.xcassets; sourceTree = "<group>"; };
		F1E5D8D52A9AFD4100E211B3 /* SlotMachine.entitlements */ = {isa = PBXFileReference; lastKnownFileType = text.plist.entitlements; path = SlotMachine.entitlements; sourceTree = "<group>"; };
		F1E5D8D72A9AFD4100E211B3 /* Preview Assets.xcassets */ = {isa = PBXFileReference; lastKnownFileType = folder.assetcatalog; path = "Preview Assets.xcassets"; sourceTree = "<group>"; };
		F1E5D8DE2A9AFE1700E211B3 /* riseup.mp3 */ = {isa = PBXFileReference; lastKnownFileType = audio.mp3; path = riseup.mp3; sourceTree = "<group>"; };
		F1E5D8DF2A9AFE1700E211B3 /* chimeup.mp3 */ = {isa = PBXFileReference; lastKnownFileType = audio.mp3; path = chimeup.mp3; sourceTree = "<group>"; };
		F1E5D8E02A9AFE1700E211B3 /* spin.mp3 */ = {isa = PBXFileReference; lastKnownFileType = audio.mp3; path = spin.mp3; sourceTree = "<group>"; };
		F1E5D8E12A9AFE1700E211B3 /* casino-chips.mp3 */ = {isa = PBXFileReference; lastKnownFileType = audio.mp3; path = "casino-chips.mp3"; sourceTree = "<group>"; };
		F1E5D8E22A9AFE1700E211B3 /* win.mp3 */ = {isa = PBXFileReference; lastKnownFileType = audio.mp3; path = win.mp3; sourceTree = "<group>"; };
		F1E5D8E32A9AFE1700E211B3 /* game-over.mp3 */ = {isa = PBXFileReference; lastKnownFileType = audio.mp3; path = "game-over.mp3"; sourceTree = "<group>"; };
		F1E5D8E42A9AFE1700E211B3 /* background-music.mp3 */ = {isa = PBXFileReference; lastKnownFileType = audio.mp3; path = "background-music.mp3"; sourceTree = "<group>"; };
		F1E5D8E52A9AFE1700E211B3 /* high-score.mp3 */ = {isa = PBXFileReference; lastKnownFileType = audio.mp3; path = "high-score.mp3"; sourceTree = "<group>"; };
		F1E5D8F12A9AFE4B00E211B3 /* Launch Screen.storyboard */ = {isa = PBXFileReference; lastKnownFileType = file.storyboard; path = "Launch Screen.storyboard"; sourceTree = "<group>"; };
		F1E5D8F32A9B015D00E211B3 /* LogoView.swift */ = {isa = PBXFileReference; lastKnownFileType = sourcecode.swift; path = LogoView.swift; sourceTree = "<group>"; };
		F1E5D8F52A9B018800E211B3 /* Modifiers.swift */ = {isa = PBXFileReference; lastKnownFileType = sourcecode.swift; path = Modifiers.swift; sourceTree = "<group>"; };
		F1E5D8F72A9B03C500E211B3 /* Extensions.swift */ = {isa = PBXFileReference; lastKnownFileType = sourcecode.swift; path = Extensions.swift; sourceTree = "<group>"; };
/* End PBXFileReference section */

/* Begin PBXFrameworksBuildPhase section */
		F1E5D8C92A9AFD4000E211B3 /* Frameworks */ = {
			isa = PBXFrameworksBuildPhase;
			buildActionMask = 2147483647;
			files = (
			);
			runOnlyForDeploymentPostprocessing = 0;
		};
/* End PBXFrameworksBuildPhase section */

/* Begin PBXGroup section */
		F1E5D8C32A9AFD4000E211B3 = {
			isa = PBXGroup;
			children = (
				F1E5D8CE2A9AFD4000E211B3 /* SlotMachine */,
				F1E5D8CD2A9AFD4000E211B3 /* Products */,
			);
			sourceTree = "<group>";
		};
		F1E5D8CD2A9AFD4000E211B3 /* Products */ = {
			isa = PBXGroup;
			children = (
				F1E5D8CC2A9AFD4000E211B3 /* SlotMachine.app */,
			);
			name = Products;
			sourceTree = "<group>";
		};
		F1E5D8CE2A9AFD4000E211B3 /* SlotMachine */ = {
			isa = PBXGroup;
			children = (
				F12F155D2AB6C9670036F592 /* Info.plist */,
				F1E5D8F02A9AFE3200E211B3 /* Helpers */,
				F1E5D8EE2A9AFE2300E211B3 /* Sounds */,
				F1E5D8CF2A9AFD4000E211B3 /* SlotMachineApp.swift */,
				F1E5D8EF2A9AFE2A00E211B3 /* Views */,
				F1E5D8D32A9AFD4100E211B3 /* Assets.xcassets */,
				F1E5D8D52A9AFD4100E211B3 /* SlotMachine.entitlements */,
				F1E5D8D62A9AFD4100E211B3 /* Preview Content */,
				F1E5D8F12A9AFE4B00E211B3 /* Launch Screen.storyboard */,
			);
			path = SlotMachine;
			sourceTree = "<group>";
		};
		F1E5D8D62A9AFD4100E211B3 /* Preview Content */ = {
			isa = PBXGroup;
			children = (
				F1E5D8D72A9AFD4100E211B3 /* Preview Assets.xcassets */,
			);
			path = "Preview Content";
			sourceTree = "<group>";
		};
		F1E5D8EE2A9AFE2300E211B3 /* Sounds */ = {
			isa = PBXGroup;
			children = (
				F1E5D8E42A9AFE1700E211B3 /* background-music.mp3 */,
				F1E5D8E12A9AFE1700E211B3 /* casino-chips.mp3 */,
				F1E5D8DF2A9AFE1700E211B3 /* chimeup.mp3 */,
				F1E5D8E32A9AFE1700E211B3 /* game-over.mp3 */,
				F1E5D8E52A9AFE1700E211B3 /* high-score.mp3 */,
				F1E5D8DE2A9AFE1700E211B3 /* riseup.mp3 */,
				F1E5D8E02A9AFE1700E211B3 /* spin.mp3 */,
				F1E5D8E22A9AFE1700E211B3 /* win.mp3 */,
			);
			path = Sounds;
			sourceTree = "<group>";
		};
		F1E5D8EF2A9AFE2A00E211B3 /* Views */ = {
			isa = PBXGroup;
			children = (
				F1E5D8D12A9AFD4000E211B3 /* ContentView.swift */,
				F1E5D8F32A9B015D00E211B3 /* LogoView.swift */,
				F144CBF12AA224DB0033BDC8 /* ReelView.swift */,
				F123D8EB2AADEAF7005A648E /* InfoView.swift */,
			);
			path = Views;
			sourceTree = "<group>";
		};
		F1E5D8F02A9AFE3200E211B3 /* Helpers */ = {
			isa = PBXGroup;
			children = (
				F1E5D8F52A9B018800E211B3 /* Modifiers.swift */,
				F1E5D8F72A9B03C500E211B3 /* Extensions.swift */,
				F12F9F242AB5EA9F00E0E8E3 /* PlaySound.swift */,
			);
			path = Helpers;
			sourceTree = "<group>";
		};
/* End PBXGroup section */

/* Begin PBXNativeTarget section */
		F1E5D8CB2A9AFD4000E211B3 /* SlotMachine */ = {
			isa = PBXNativeTarget;
			buildConfigurationList = F1E5D8DB2A9AFD4100E211B3 /* Build configuration list for PBXNativeTarget "SlotMachine" */;
			buildPhases = (
				F1E5D8C82A9AFD4000E211B3 /* Sources */,
				F1E5D8C92A9AFD4000E211B3 /* Frameworks */,
				F1E5D8CA2A9AFD4000E211B3 /* Resources */,
			);
			buildRules = (
			);
			dependencies = (
			);
			name = SlotMachine;
			productName = SlotMachine;
			productReference = F1E5D8CC2A9AFD4000E211B3 /* SlotMachine.app */;
			productType = "com.apple.product-type.application";
		};
/* End PBXNativeTarget section */

/* Begin PBXProject section */
		F1E5D8C42A9AFD4000E211B3 /* Project object */ = {
			isa = PBXProject;
			attributes = {
				BuildIndependentTargetsInParallel = 1;
				LastSwiftUpdateCheck = 1430;
				LastUpgradeCheck = 1430;
				TargetAttributes = {
					F1E5D8CB2A9AFD4000E211B3 = {
						CreatedOnToolsVersion = 14.3.1;
					};
				};
			};
			buildConfigurationList = F1E5D8C72A9AFD4000E211B3 /* Build configuration list for PBXProject "SlotMachine" */;
			compatibilityVersion = "Xcode 14.0";
			developmentRegion = en;
			hasScannedForEncodings = 0;
			knownRegions = (
				en,
				Base,
			);
			mainGroup = F1E5D8C32A9AFD4000E211B3;
			productRefGroup = F1E5D8CD2A9AFD4000E211B3 /* Products */;
			projectDirPath = "";
			projectRoot = "";
			targets = (
				F1E5D8CB2A9AFD4000E211B3 /* SlotMachine */,
			);
		};
/* End PBXProject section */

/* Begin PBXResourcesBuildPhase section */
		F1E5D8CA2A9AFD4000E211B3 /* Resources */ = {
			isa = PBXResourcesBuildPhase;
			buildActionMask = 2147483647;
			files = (
				F1E5D8E72A9AFE1700E211B3 /* chimeup.mp3 in Resources */,
				F1E5D8EC2A9AFE1700E211B3 /* background-music.mp3 in Resources */,
				F1E5D8E82A9AFE1700E211B3 /* spin.mp3 in Resources */,
				F1E5D8EA2A9AFE1700E211B3 /* win.mp3 in Resources */,
				F1E5D8E62A9AFE1700E211B3 /* riseup.mp3 in Resources */,
				F1E5D8ED2A9AFE1700E211B3 /* high-score.mp3 in Resources */,
				F1E5D8F22A9AFE4B00E211B3 /* Launch Screen.storyboard in Resources */,
				F1E5D8D82A9AFD4100E211B3 /* Preview Assets.xcassets in Resources */,
				F1E5D8D42A9AFD4100E211B3 /* Assets.xcassets in Resources */,
				F1E5D8EB2A9AFE1700E211B3 /* game-over.mp3 in Resources */,
				F1E5D8E92A9AFE1700E211B3 /* casino-chips.mp3 in Resources */,
			);
			runOnlyForDeploymentPostprocessing = 0;
		};
/* End PBXResourcesBuildPhase section */

/* Begin PBXSourcesBuildPhase section */
		F1E5D8C82A9AFD4000E211B3 /* Sources */ = {
			isa = PBXSourcesBuildPhase;
			buildActionMask = 2147483647;
			files = (
				F144CBF22AA224DB0033BDC8 /* ReelView.swift in Sources */,
				F12F9F252AB5EA9F00E0E8E3 /* PlaySound.swift in Sources */,
				F1E5D8F82A9B03C500E211B3 /* Extensions.swift in Sources */,
				F1E5D8F62A9B018800E211B3 /* Modifiers.swift in Sources */,
				F1E5D8D22A9AFD4000E211B3 /* ContentView.swift in Sources */,
				F1E5D8F42A9B015D00E211B3 /* LogoView.swift in Sources */,
				F1E5D8D02A9AFD4000E211B3 /* SlotMachineApp.swift in Sources */,
				F123D8EC2AADEAF7005A648E /* InfoView.swift in Sources */,
			);
			runOnlyForDeploymentPostprocessing = 0;
		};
/* End PBXSourcesBuildPhase section */

/* Begin XCBuildConfiguration section */
		F1E5D8D92A9AFD4100E211B3 /* Debug */ = {
			isa = XCBuildConfiguration;
			buildSettings = {
				ALWAYS_SEARCH_USER_PATHS = NO;
				CLANG_ANALYZER_NONNULL = YES;
				CLANG_ANALYZER_NUMBER_OBJECT_CONVERSION = YES_AGGRESSIVE;
				CLANG_CXX_LANGUAGE_STANDARD = "gnu++20";
				CLANG_ENABLE_MODULES = YES;
				CLANG_ENABLE_OBJC_ARC = YES;
				CLANG_ENABLE_OBJC_WEAK = YES;
				CLANG_WARN_BLOCK_CAPTURE_AUTORELEASING = YES;
				CLANG_WARN_BOOL_CONVERSION = YES;
				CLANG_WARN_COMMA = YES;
				CLANG_WARN_CONSTANT_CONVERSION = YES;
				CLANG_WARN_DEPRECATED_OBJC_IMPLEMENTATIONS = YES;
				CLANG_WARN_DIRECT_OBJC_ISA_USAGE = YES_ERROR;
				CLANG_WARN_DOCUMENTATION_COMMENTS = YES;
				CLANG_WARN_EMPTY_BODY = YES;
				CLANG_WARN_ENUM_CONVERSION = YES;
				CLANG_WARN_INFINITE_RECURSION = YES;
				CLANG_WARN_INT_CONVERSION = YES;
				CLANG_WARN_NON_LITERAL_NULL_CONVERSION = YES;
				CLANG_WARN_OBJC_IMPLICIT_RETAIN_SELF = YES;
				CLANG_WARN_OBJC_LITERAL_CONVERSION = YES;
				CLANG_WARN_OBJC_ROOT_CLASS = YES_ERROR;
				CLANG_WARN_QUOTED_INCLUDE_IN_FRAMEWORK_HEADER = YES;
				CLANG_WARN_RANGE_LOOP_ANALYSIS = YES;
				CLANG_WARN_STRICT_PROTOTYPES = YES;
				CLANG_WARN_SUSPICIOUS_MOVE = YES;
				CLANG_WARN_UNGUARDED_AVAILABILITY = YES_AGGRESSIVE;
				CLANG_WARN_UNREACHABLE_CODE = YES;
				CLANG_WARN__DUPLICATE_METHOD_MATCH = YES;
				COPY_PHASE_STRIP = NO;
				DEBUG_INFORMATION_FORMAT = dwarf;
				ENABLE_STRICT_OBJC_MSGSEND = YES;
				ENABLE_TESTABILITY = YES;
				GCC_C_LANGUAGE_STANDARD = gnu11;
				GCC_DYNAMIC_NO_PIC = NO;
				GCC_NO_COMMON_BLOCKS = YES;
				GCC_OPTIMIZATION_LEVEL = 0;
				GCC_PREPROCESSOR_DEFINITIONS = (
					"DEBUG=1",
					"$(inherited)",
				);
				GCC_WARN_64_TO_32_BIT_CONVERSION = YES;
				GCC_WARN_ABOUT_RETURN_TYPE = YES_ERROR;
				GCC_WARN_UNDECLARED_SELECTOR = YES;
				GCC_WARN_UNINITIALIZED_AUTOS = YES_AGGRESSIVE;
				GCC_WARN_UNUSED_FUNCTION = YES;
				GCC_WARN_UNUSED_VARIABLE = YES;
				MTL_ENABLE_DEBUG_INFO = INCLUDE_SOURCE;
				MTL_FAST_MATH = YES;
				ONLY_ACTIVE_ARCH = YES;
				SWIFT_ACTIVE_COMPILATION_CONDITIONS = DEBUG;
				SWIFT_OPTIMIZATION_LEVEL = "-Onone";
			};
			name = Debug;
		};
		F1E5D8DA2A9AFD4100E211B3 /* Release */ = {
			isa = XCBuildConfiguration;
			buildSettings = {
				ALWAYS_SEARCH_USER_PATHS = NO;
				CLANG_ANALYZER_NONNULL = YES;
				CLANG_ANALYZER_NUMBER_OBJECT_CONVERSION = YES_AGGRESSIVE;
				CLANG_CXX_LANGUAGE_STANDARD = "gnu++20";
				CLANG_ENABLE_MODULES = YES;
				CLANG_ENABLE_OBJC_ARC = YES;
				CLANG_ENABLE_OBJC_WEAK = YES;
				CLANG_WARN_BLOCK_CAPTURE_AUTORELEASING = YES;
				CLANG_WARN_BOOL_CONVERSION = YES;
				CLANG_WARN_COMMA = YES;
				CLANG_WARN_CONSTANT_CONVERSION = YES;
				CLANG_WARN_DEPRECATED_OBJC_IMPLEMENTATIONS = YES;
				CLANG_WARN_DIRECT_OBJC_ISA_USAGE = YES_ERROR;
				CLANG_WARN_DOCUMENTATION_COMMENTS = YES;
				CLANG_WARN_EMPTY_BODY = YES;
				CLANG_WARN_ENUM_CONVERSION = YES;
				CLANG_WARN_INFINITE_RECURSION = YES;
				CLANG_WARN_INT_CONVERSION = YES;
				CLANG_WARN_NON_LITERAL_NULL_CONVERSION = YES;
				CLANG_WARN_OBJC_IMPLICIT_RETAIN_SELF = YES;
				CLANG_WARN_OBJC_LITERAL_CONVERSION = YES;
				CLANG_WARN_OBJC_ROOT_CLASS = YES_ERROR;
				CLANG_WARN_QUOTED_INCLUDE_IN_FRAMEWORK_HEADER = YES;
				CLANG_WARN_RANGE_LOOP_ANALYSIS = YES;
				CLANG_WARN_STRICT_PROTOTYPES = YES;
				CLANG_WARN_SUSPICIOUS_MOVE = YES;
				CLANG_WARN_UNGUARDED_AVAILABILITY = YES_AGGRESSIVE;
				CLANG_WARN_UNREACHABLE_CODE = YES;
				CLANG_WARN__DUPLICATE_METHOD_MATCH = YES;
				COPY_PHASE_STRIP = NO;
				DEBUG_INFORMATION_FORMAT = "dwarf-with-dsym";
				ENABLE_NS_ASSERTIONS = NO;
				ENABLE_STRICT_OBJC_MSGSEND = YES;
				GCC_C_LANGUAGE_STANDARD = gnu11;
				GCC_NO_COMMON_BLOCKS = YES;
				GCC_WARN_64_TO_32_BIT_CONVERSION = YES;
				GCC_WARN_ABOUT_RETURN_TYPE = YES_ERROR;
				GCC_WARN_UNDECLARED_SELECTOR = YES;
				GCC_WARN_UNINITIALIZED_AUTOS = YES_AGGRESSIVE;
				GCC_WARN_UNUSED_FUNCTION = YES;
				GCC_WARN_UNUSED_VARIABLE = YES;
				MTL_ENABLE_DEBUG_INFO = NO;
				MTL_FAST_MATH = YES;
				SWIFT_COMPILATION_MODE = wholemodule;
				SWIFT_OPTIMIZATION_LEVEL = "-O";
			};
			name = Release;
		};
		F1E5D8DC2A9AFD4100E211B3 /* Debug */ = {
			isa = XCBuildConfiguration;
			buildSettings = {
				ASSETCATALOG_COMPILER_APPICON_NAME = AppIcon;
				ASSETCATALOG_COMPILER_GLOBAL_ACCENT_COLOR_NAME = AccentColor;
				CODE_SIGN_ENTITLEMENTS = SlotMachine/SlotMachine.entitlements;
				CODE_SIGN_STYLE = Automatic;
				CURRENT_PROJECT_VERSION = 1;
				DEVELOPMENT_ASSET_PATHS = "\"SlotMachine/Preview Content\"";
				DEVELOPMENT_TEAM = YK3V28F4JW;
				ENABLE_HARDENED_RUNTIME = YES;
				ENABLE_PREVIEWS = YES;
				GENERATE_INFOPLIST_FILE = YES;
				INFOPLIST_FILE = SlotMachine/Info.plist;
				"INFOPLIST_KEY_UIApplicationSceneManifest_Generation[sdk=iphoneos*]" = YES;
				"INFOPLIST_KEY_UIApplicationSceneManifest_Generation[sdk=iphonesimulator*]" = YES;
				"INFOPLIST_KEY_UIApplicationSupportsIndirectInputEvents[sdk=iphoneos*]" = YES;
				"INFOPLIST_KEY_UIApplicationSupportsIndirectInputEvents[sdk=iphonesimulator*]" = YES;
				"INFOPLIST_KEY_UILaunchScreen_Generation[sdk=iphoneos*]" = YES;
				"INFOPLIST_KEY_UILaunchScreen_Generation[sdk=iphonesimulator*]" = YES;
				INFOPLIST_KEY_UILaunchStoryboardName = "Launch Screen.storyboard";
				INFOPLIST_KEY_UIStatusBarStyle = UIStatusBarStyleLightContent;
				"INFOPLIST_KEY_UIStatusBarStyle[sdk=iphoneos*]" = UIStatusBarStyleDefault;
				"INFOPLIST_KEY_UIStatusBarStyle[sdk=iphonesimulator*]" = UIStatusBarStyleDefault;
				INFOPLIST_KEY_UISupportedInterfaceOrientations = UIInterfaceOrientationPortrait;
				IPHONEOS_DEPLOYMENT_TARGET = 14.1;
				LD_RUNPATH_SEARCH_PATHS = "@executable_path/Frameworks";
				"LD_RUNPATH_SEARCH_PATHS[sdk=macosx*]" = "@executable_path/../Frameworks";
				MACOSX_DEPLOYMENT_TARGET = 13.3;
				MARKETING_VERSION = 1.0;
				PRODUCT_BUNDLE_IDENTIFIER = "com.villva-development.SlotMachine";
				PRODUCT_NAME = "$(TARGET_NAME)";
				SDKROOT = auto;
				SUPPORTED_PLATFORMS = "iphoneos iphonesimulator macosx";
				SWIFT_EMIT_LOC_STRINGS = YES;
				SWIFT_VERSION = 5.0;
				TARGETED_DEVICE_FAMILY = "1,2";
			};
			name = Debug;
		};
		F1E5D8DD2A9AFD4100E211B3 /* Release */ = {
			isa = XCBuildConfiguration;
			buildSettings = {
				ASSETCATALOG_COMPILER_APPICON_NAME = AppIcon;
				ASSETCATALOG_COMPILER_GLOBAL_ACCENT_COLOR_NAME = AccentColor;
				CODE_SIGN_ENTITLEMENTS = SlotMachine/SlotMachine.entitlements;
				CODE_SIGN_STYLE = Automatic;
				CURRENT_PROJECT_VERSION = 1;
				DEVELOPMENT_ASSET_PATHS = "\"SlotMachine/Preview Content\"";
				DEVELOPMENT_TEAM = YK3V28F4JW;
				ENABLE_HARDENED_RUNTIME = YES;
				ENABLE_PREVIEWS = YES;
				GENERATE_INFOPLIST_FILE = YES;
				INFOPLIST_FILE = SlotMachine/Info.plist;
				"INFOPLIST_KEY_UIApplicationSceneManifest_Generation[sdk=iphoneos*]" = YES;
				"INFOPLIST_KEY_UIApplicationSceneManifest_Generation[sdk=iphonesimulator*]" = YES;
				"INFOPLIST_KEY_UIApplicationSupportsIndirectInputEvents[sdk=iphoneos*]" = YES;
				"INFOPLIST_KEY_UIApplicationSupportsIndirectInputEvents[sdk=iphonesimulator*]" = YES;
				"INFOPLIST_KEY_UILaunchScreen_Generation[sdk=iphoneos*]" = YES;
				"INFOPLIST_KEY_UILaunchScreen_Generation[sdk=iphonesimulator*]" = YES;
				INFOPLIST_KEY_UILaunchStoryboardName = "Launch Screen.storyboard";
				INFOPLIST_KEY_UIStatusBarStyle = UIStatusBarStyleLightContent;
				"INFOPLIST_KEY_UIStatusBarStyle[sdk=iphoneos*]" = UIStatusBarStyleDefault;
				"INFOPLIST_KEY_UIStatusBarStyle[sdk=iphonesimulator*]" = UIStatusBarStyleDefault;
				INFOPLIST_KEY_UISupportedInterfaceOrientations = UIInterfaceOrientationPortrait;
				IPHONEOS_DEPLOYMENT_TARGET = 14.1;
				LD_RUNPATH_SEARCH_PATHS = "@executable_path/Frameworks";
				"LD_RUNPATH_SEARCH_PATHS[sdk=macosx*]" = "@executable_path/../Frameworks";
				MACOSX_DEPLOYMENT_TARGET = 13.3;
				MARKETING_VERSION = 1.0;
				PRODUCT_BUNDLE_IDENTIFIER = "com.villva-development.SlotMachine";
				PRODUCT_NAME = "$(TARGET_NAME)";
				SDKROOT = auto;
				SUPPORTED_PLATFORMS = "iphoneos iphonesimulator macosx";
				SWIFT_EMIT_LOC_STRINGS = YES;
				SWIFT_VERSION = 5.0;
				TARGETED_DEVICE_FAMILY = "1,2";
			};
			name = Release;
		};
/* End XCBuildConfiguration section */

/* Begin XCConfigurationList section */
		F1E5D8C72A9AFD4000E211B3 /* Build configuration list for PBXProject "SlotMachine" */ = {
			isa = XCConfigurationList;
			buildConfigurations = (
				F1E5D8D92A9AFD4100E211B3 /* Debug */,
				F1E5D8DA2A9AFD4100E211B3 /* Release */,
			);
			defaultConfigurationIsVisible = 0;
			defaultConfigurationName = Release;
		};
		F1E5D8DB2A9AFD4100E211B3 /* Build configuration list for PBXNativeTarget "SlotMachine" */ = {
			isa = XCConfigurationList;
			buildConfigurations = (
				F1E5D8DC2A9AFD4100E211B3 /* Debug */,
				F1E5D8DD2A9AFD4100E211B3 /* Release */,
			);
			defaultConfigurationIsVisible = 0;
			defaultConfigurationName = Release;
		};
/* End XCConfigurationList section */
	};
	rootObject = F1E5D8C42A9AFD4000E211B3 /* Project object */;
}
